
Microsoft Visual Studio Solution File, Format Version 12.00
# Visual Studio Version 16
VisualStudioVersion = 16.0.30320.27
MinimumVisualStudioVersion = 15.0.26124.0
Project("{9A19103F-16F7-4668-BE54-9A1E7A4F7556}") = "Tiq.Easy.Array", "Tiq.Easy.Array\Tiq.Easy.Array.csproj", "{3EBF6A31-90B6-40F2-B5BB-AA8F3B43A685}"
EndProject
Project("{9A19103F-16F7-4668-BE54-9A1E7A4F7556}") = "Tiq.Easy.Array.Tests", "Tiq.Easy.Array.Tests\Tiq.Easy.Array.Tests.csproj", "{D49E1C5E-680E-4EF5-AD79-FE704929608B}"
EndProject
Project("{9A19103F-16F7-4668-BE54-9A1E7A4F7556}") = "Tiq.Easy.Strings", "Tiq.Easy.Strings\Tiq.Easy.Strings.csproj", "{02FF56AC-21A0-4508-9B30-33A3CAFC19D9}"
EndProject
Project("{9A19103F-16F7-4668-BE54-9A1E7A4F7556}") = "Tiq.Easy.Strings.Tests", "Tiq.Easy.Strings.Tests\Tiq.Easy.Strings.Tests.csproj", "{9261EFF4-112E-4978-B86B-E37592A01A61}"
EndProject
Project("{9A19103F-16F7-4668-BE54-9A1E7A4F7556}") = "Tiq.Easy.LinkedLists", "Tiq.Easy.LinkedLists\Tiq.Easy.LinkedLists.csproj", "{5265702F-0684-40DA-86CE-9721DA1BC369}"
EndProject
Project("{9A19103F-16F7-4668-BE54-9A1E7A4F7556}") = "Tiq.Easy.LinkedLists.Tests", "Tiq.Easy.LinkedLists.Tests\Tiq.Easy.LinkedLists.Tests.csproj", "{37AF487A-5CE6-4377-8184-510F6F417D82}"
EndProject
Project("{9A19103F-16F7-4668-BE54-9A1E7A4F7556}") = "Tiq.Easy.Trees", "Tiq.Easy.Trees\Tiq.Easy.Trees.csproj", "{A086550B-4088-4C40-82FF-4E4C9DE3C273}"
EndProject
Project("{9A19103F-16F7-4668-BE54-9A1E7A4F7556}") = "Tiq.Easy.Trees.Tests", "Tiq.Easy.Trees.Tests\Tiq.Easy.Trees.Tests.csproj", "{1F0A1970-8E67-47E1-B06D-0DFE13269AE7}"
EndProject
Project("{9A19103F-16F7-4668-BE54-9A1E7A4F7556}") = "Tiq.Easy.SortingAndSearching", "Tiq.Easy.SortingAndSearching\Tiq.Easy.SortingAndSearching.csproj", "{06C26555-5FCC-4704-811D-496DAD532B91}"
EndProject
Project("{9A19103F-16F7-4668-BE54-9A1E7A4F7556}") = "Tiq.Easy.SortingAndSearching.Tests", "Tiq.Easy.SortingAndSearching.Tests\Tiq.Easy.SortingAndSearching.Tests.csproj", "{0D70B72A-D5EE-443F-9094-50F4B086CA7F}"
EndProject
Project("{9A19103F-16F7-4668-BE54-9A1E7A4F7556}") = "Tiq.Easy.DynamicProgramming", "Tiq.Easy.DynamicProgramming\Tiq.Easy.DynamicProgramming.csproj", "{30D99A20-C8E6-4BE7-8DD3-53D74B31B443}"
EndProject
Project("{FAE04EC0-301F-11D3-BF4B-00C04F79EFBC}") = "Tiq.Easy.DynamicProgramming.Tests", "Tiq.Easy.DynamicProgramming.Tests\Tiq.Easy.DynamicProgramming.Tests.csproj", "{79DC6843-D99A-49A8-BB2A-00E3ECFA95B7}"
EndProject
Global
	GlobalSection(SolutionConfigurationPlatforms) = preSolution
		Debug|Any CPU = Debug|Any CPU
		Debug|x64 = Debug|x64
		Debug|x86 = Debug|x86
		Release|Any CPU = Release|Any CPU
		Release|x64 = Release|x64
		Release|x86 = Release|x86
	EndGlobalSection
	GlobalSection(ProjectConfigurationPlatforms) = postSolution
		{3EBF6A31-90B6-40F2-B5BB-AA8F3B43A685}.Debug|Any CPU.ActiveCfg = Debug|Any CPU
		{3EBF6A31-90B6-40F2-B5BB-AA8F3B43A685}.Debug|Any CPU.Build.0 = Debug|Any CPU
		{3EBF6A31-90B6-40F2-B5BB-AA8F3B43A685}.Debug|x64.ActiveCfg = Debug|Any CPU
		{3EBF6A31-90B6-40F2-B5BB-AA8F3B43A685}.Debug|x64.Build.0 = Debug|Any CPU
		{3EBF6A31-90B6-40F2-B5BB-AA8F3B43A685}.Debug|x86.ActiveCfg = Debug|Any CPU
		{3EBF6A31-90B6-40F2-B5BB-AA8F3B43A685}.Debug|x86.Build.0 = Debug|Any CPU
		{3EBF6A31-90B6-40F2-B5BB-AA8F3B43A685}.Release|Any CPU.ActiveCfg = Release|Any CPU
		{3EBF6A31-90B6-40F2-B5BB-AA8F3B43A685}.Release|Any CPU.Build.0 = Release|Any CPU
		{3EBF6A31-90B6-40F2-B5BB-AA8F3B43A685}.Release|x64.ActiveCfg = Release|Any CPU
		{3EBF6A31-90B6-40F2-B5BB-AA8F3B43A685}.Release|x64.Build.0 = Release|Any CPU
		{3EBF6A31-90B6-40F2-B5BB-AA8F3B43A685}.Release|x86.ActiveCfg = Release|Any CPU
		{3EBF6A31-90B6-40F2-B5BB-AA8F3B43A685}.Release|x86.Build.0 = Release|Any CPU
		{D49E1C5E-680E-4EF5-AD79-FE704929608B}.Debug|Any CPU.ActiveCfg = Debug|Any CPU
		{D49E1C5E-680E-4EF5-AD79-FE704929608B}.Debug|Any CPU.Build.0 = Debug|Any CPU
		{D49E1C5E-680E-4EF5-AD79-FE704929608B}.Debug|x64.ActiveCfg = Debug|Any CPU
		{D49E1C5E-680E-4EF5-AD79-FE704929608B}.Debug|x64.Build.0 = Debug|Any CPU
		{D49E1C5E-680E-4EF5-AD79-FE704929608B}.Debug|x86.ActiveCfg = Debug|Any CPU
		{D49E1C5E-680E-4EF5-AD79-FE704929608B}.Debug|x86.Build.0 = Debug|Any CPU
		{D49E1C5E-680E-4EF5-AD79-FE704929608B}.Release|Any CPU.ActiveCfg = Release|Any CPU
		{D49E1C5E-680E-4EF5-AD79-FE704929608B}.Release|Any CPU.Build.0 = Release|Any CPU
		{D49E1C5E-680E-4EF5-AD79-FE704929608B}.Release|x64.ActiveCfg = Release|Any CPU
		{D49E1C5E-680E-4EF5-AD79-FE704929608B}.Release|x64.Build.0 = Release|Any CPU
		{D49E1C5E-680E-4EF5-AD79-FE704929608B}.Release|x86.ActiveCfg = Release|Any CPU
		{D49E1C5E-680E-4EF5-AD79-FE704929608B}.Release|x86.Build.0 = Release|Any CPU
		{02FF56AC-21A0-4508-9B30-33A3CAFC19D9}.Debug|Any CPU.ActiveCfg = Debug|Any CPU
		{02FF56AC-21A0-4508-9B30-33A3CAFC19D9}.Debug|Any CPU.Build.0 = Debug|Any CPU
		{02FF56AC-21A0-4508-9B30-33A3CAFC19D9}.Debug|x64.ActiveCfg = Debug|Any CPU
		{02FF56AC-21A0-4508-9B30-33A3CAFC19D9}.Debug|x64.Build.0 = Debug|Any CPU
		{02FF56AC-21A0-4508-9B30-33A3CAFC19D9}.Debug|x86.ActiveCfg = Debug|Any CPU
		{02FF56AC-21A0-4508-9B30-33A3CAFC19D9}.Debug|x86.Build.0 = Debug|Any CPU
		{02FF56AC-21A0-4508-9B30-33A3CAFC19D9}.Release|Any CPU.ActiveCfg = Release|Any CPU
		{02FF56AC-21A0-4508-9B30-33A3CAFC19D9}.Release|Any CPU.Build.0 = Release|Any CPU
		{02FF56AC-21A0-4508-9B30-33A3CAFC19D9}.Release|x64.ActiveCfg = Release|Any CPU
		{02FF56AC-21A0-4508-9B30-33A3CAFC19D9}.Release|x64.Build.0 = Release|Any CPU
		{02FF56AC-21A0-4508-9B30-33A3CAFC19D9}.Release|x86.ActiveCfg = Release|Any CPU
		{02FF56AC-21A0-4508-9B30-33A3CAFC19D9}.Release|x86.Build.0 = Release|Any CPU
		{9261EFF4-112E-4978-B86B-E37592A01A61}.Debug|Any CPU.ActiveCfg = Debug|Any CPU
		{9261EFF4-112E-4978-B86B-E37592A01A61}.Debug|Any CPU.Build.0 = Debug|Any CPU
		{9261EFF4-112E-4978-B86B-E37592A01A61}.Debug|x64.ActiveCfg = Debug|Any CPU
		{9261EFF4-112E-4978-B86B-E37592A01A61}.Debug|x64.Build.0 = Debug|Any CPU
		{9261EFF4-112E-4978-B86B-E37592A01A61}.Debug|x86.ActiveCfg = Debug|Any CPU
		{9261EFF4-112E-4978-B86B-E37592A01A61}.Debug|x86.Build.0 = Debug|Any CPU
		{9261EFF4-112E-4978-B86B-E37592A01A61}.Release|Any CPU.ActiveCfg = Release|Any CPU
		{9261EFF4-112E-4978-B86B-E37592A01A61}.Release|Any CPU.Build.0 = Release|Any CPU
		{9261EFF4-112E-4978-B86B-E37592A01A61}.Release|x64.ActiveCfg = Release|Any CPU
		{9261EFF4-112E-4978-B86B-E37592A01A61}.Release|x64.Build.0 = Release|Any CPU
		{9261EFF4-112E-4978-B86B-E37592A01A61}.Release|x86.ActiveCfg = Release|Any CPU
		{9261EFF4-112E-4978-B86B-E37592A01A61}.Release|x86.Build.0 = Release|Any CPU
		{5265702F-0684-40DA-86CE-9721DA1BC369}.Debug|Any CPU.ActiveCfg = Debug|Any CPU
		{5265702F-0684-40DA-86CE-9721DA1BC369}.Debug|Any CPU.Build.0 = Debug|Any CPU
		{5265702F-0684-40DA-86CE-9721DA1BC369}.Debug|x64.ActiveCfg = Debug|Any CPU
		{5265702F-0684-40DA-86CE-9721DA1BC369}.Debug|x64.Build.0 = Debug|Any CPU
		{5265702F-0684-40DA-86CE-9721DA1BC369}.Debug|x86.ActiveCfg = Debug|Any CPU
		{5265702F-0684-40DA-86CE-9721DA1BC369}.Debug|x86.Build.0 = Debug|Any CPU
		{5265702F-0684-40DA-86CE-9721DA1BC369}.Release|Any CPU.ActiveCfg = Release|Any CPU
		{5265702F-0684-40DA-86CE-9721DA1BC369}.Release|Any CPU.Build.0 = Release|Any CPU
		{5265702F-0684-40DA-86CE-9721DA1BC369}.Release|x64.ActiveCfg = Release|Any CPU
		{5265702F-0684-40DA-86CE-9721DA1BC369}.Release|x64.Build.0 = Release|Any CPU
		{5265702F-0684-40DA-86CE-9721DA1BC369}.Release|x86.ActiveCfg = Release|Any CPU
		{5265702F-0684-40DA-86CE-9721DA1BC369}.Release|x86.Build.0 = Release|Any CPU
		{37AF487A-5CE6-4377-8184-510F6F417D82}.Debug|Any CPU.ActiveCfg = Debug|Any CPU
		{37AF487A-5CE6-4377-8184-510F6F417D82}.Debug|Any CPU.Build.0 = Debug|Any CPU
		{37AF487A-5CE6-4377-8184-510F6F417D82}.Debug|x64.ActiveCfg = Debug|Any CPU
		{37AF487A-5CE6-4377-8184-510F6F417D82}.Debug|x64.Build.0 = Debug|Any CPU
		{37AF487A-5CE6-4377-8184-510F6F417D82}.Debug|x86.ActiveCfg = Debug|Any CPU
		{37AF487A-5CE6-4377-8184-510F6F417D82}.Debug|x86.Build.0 = Debug|Any CPU
		{37AF487A-5CE6-4377-8184-510F6F417D82}.Release|Any CPU.ActiveCfg = Release|Any CPU
		{37AF487A-5CE6-4377-8184-510F6F417D82}.Release|Any CPU.Build.0 = Release|Any CPU
		{37AF487A-5CE6-4377-8184-510F6F417D82}.Release|x64.ActiveCfg = Release|Any CPU
		{37AF487A-5CE6-4377-8184-510F6F417D82}.Release|x64.Build.0 = Release|Any CPU
		{37AF487A-5CE6-4377-8184-510F6F417D82}.Release|x86.ActiveCfg = Release|Any CPU
		{37AF487A-5CE6-4377-8184-510F6F417D82}.Release|x86.Build.0 = Release|Any CPU
		{A086550B-4088-4C40-82FF-4E4C9DE3C273}.Debug|Any CPU.ActiveCfg = Debug|Any CPU
		{A086550B-4088-4C40-82FF-4E4C9DE3C273}.Debug|Any CPU.Build.0 = Debug|Any CPU
		{A086550B-4088-4C40-82FF-4E4C9DE3C273}.Debug|x64.ActiveCfg = Debug|Any CPU
		{A086550B-4088-4C40-82FF-4E4C9DE3C273}.Debug|x64.Build.0 = Debug|Any CPU
		{A086550B-4088-4C40-82FF-4E4C9DE3C273}.Debug|x86.ActiveCfg = Debug|Any CPU
		{A086550B-4088-4C40-82FF-4E4C9DE3C273}.Debug|x86.Build.0 = Debug|Any CPU
		{A086550B-4088-4C40-82FF-4E4C9DE3C273}.Release|Any CPU.ActiveCfg = Release|Any CPU
		{A086550B-4088-4C40-82FF-4E4C9DE3C273}.Release|Any CPU.Build.0 = Release|Any CPU
		{A086550B-4088-4C40-82FF-4E4C9DE3C273}.Release|x64.ActiveCfg = Release|Any CPU
		{A086550B-4088-4C40-82FF-4E4C9DE3C273}.Release|x64.Build.0 = Release|Any CPU
		{A086550B-4088-4C40-82FF-4E4C9DE3C273}.Release|x86.ActiveCfg = Release|Any CPU
		{A086550B-4088-4C40-82FF-4E4C9DE3C273}.Release|x86.Build.0 = Release|Any CPU
		{1F0A1970-8E67-47E1-B06D-0DFE13269AE7}.Debug|Any CPU.ActiveCfg = Debug|Any CPU
		{1F0A1970-8E67-47E1-B06D-0DFE13269AE7}.Debug|Any CPU.Build.0 = Debug|Any CPU
		{1F0A1970-8E67-47E1-B06D-0DFE13269AE7}.Debug|x64.ActiveCfg = Debug|Any CPU
		{1F0A1970-8E67-47E1-B06D-0DFE13269AE7}.Debug|x64.Build.0 = Debug|Any CPU
		{1F0A1970-8E67-47E1-B06D-0DFE13269AE7}.Debug|x86.ActiveCfg = Debug|Any CPU
		{1F0A1970-8E67-47E1-B06D-0DFE13269AE7}.Debug|x86.Build.0 = Debug|Any CPU
		{1F0A1970-8E67-47E1-B06D-0DFE13269AE7}.Release|Any CPU.ActiveCfg = Release|Any CPU
		{1F0A1970-8E67-47E1-B06D-0DFE13269AE7}.Release|Any CPU.Build.0 = Release|Any CPU
		{1F0A1970-8E67-47E1-B06D-0DFE13269AE7}.Release|x64.ActiveCfg = Release|Any CPU
		{1F0A1970-8E67-47E1-B06D-0DFE13269AE7}.Release|x64.Build.0 = Release|Any CPU
		{1F0A1970-8E67-47E1-B06D-0DFE13269AE7}.Release|x86.ActiveCfg = Release|Any CPU
		{1F0A1970-8E67-47E1-B06D-0DFE13269AE7}.Release|x86.Build.0 = Release|Any CPU
		{06C26555-5FCC-4704-811D-496DAD532B91}.Debug|Any CPU.ActiveCfg = Debug|Any CPU
		{06C26555-5FCC-4704-811D-496DAD532B91}.Debug|Any CPU.Build.0 = Debug|Any CPU
		{06C26555-5FCC-4704-811D-496DAD532B91}.Debug|x64.ActiveCfg = Debug|Any CPU
		{06C26555-5FCC-4704-811D-496DAD532B91}.Debug|x64.Build.0 = Debug|Any CPU
		{06C26555-5FCC-4704-811D-496DAD532B91}.Debug|x86.ActiveCfg = Debug|Any CPU
		{06C26555-5FCC-4704-811D-496DAD532B91}.Debug|x86.Build.0 = Debug|Any CPU
		{06C26555-5FCC-4704-811D-496DAD532B91}.Release|Any CPU.ActiveCfg = Release|Any CPU
		{06C26555-5FCC-4704-811D-496DAD532B91}.Release|Any CPU.Build.0 = Release|Any CPU
		{06C26555-5FCC-4704-811D-496DAD532B91}.Release|x64.ActiveCfg = Release|Any CPU
		{06C26555-5FCC-4704-811D-496DAD532B91}.Release|x64.Build.0 = Release|Any CPU
		{06C26555-5FCC-4704-811D-496DAD532B91}.Release|x86.ActiveCfg = Release|Any CPU
		{06C26555-5FCC-4704-811D-496DAD532B91}.Release|x86.Build.0 = Release|Any CPU
		{0D70B72A-D5EE-443F-9094-50F4B086CA7F}.Debug|Any CPU.ActiveCfg = Debug|Any CPU
		{0D70B72A-D5EE-443F-9094-50F4B086CA7F}.Debug|Any CPU.Build.0 = Debug|Any CPU
		{0D70B72A-D5EE-443F-9094-50F4B086CA7F}.Debug|x64.ActiveCfg = Debug|Any CPU
		{0D70B72A-D5EE-443F-9094-50F4B086CA7F}.Debug|x64.Build.0 = Debug|Any CPU
		{0D70B72A-D5EE-443F-9094-50F4B086CA7F}.Debug|x86.ActiveCfg = Debug|Any CPU
		{0D70B72A-D5EE-443F-9094-50F4B086CA7F}.Debug|x86.Build.0 = Debug|Any CPU
		{0D70B72A-D5EE-443F-9094-50F4B086CA7F}.Release|Any CPU.ActiveCfg = Release|Any CPU
		{0D70B72A-D5EE-443F-9094-50F4B086CA7F}.Release|Any CPU.Build.0 = Release|Any CPU
		{0D70B72A-D5EE-443F-9094-50F4B086CA7F}.Release|x64.ActiveCfg = Release|Any CPU
		{0D70B72A-D5EE-443F-9094-50F4B086CA7F}.Release|x64.Build.0 = Release|Any CPU
		{0D70B72A-D5EE-443F-9094-50F4B086CA7F}.Release|x86.ActiveCfg = Release|Any CPU
		{0D70B72A-D5EE-443F-9094-50F4B086CA7F}.Release|x86.Build.0 = Release|Any CPU
		{30D99A20-C8E6-4BE7-8DD3-53D74B31B443}.Debug|Any CPU.ActiveCfg = Debug|Any CPU
		{30D99A20-C8E6-4BE7-8DD3-53D74B31B443}.Debug|Any CPU.Build.0 = Debug|Any CPU
		{30D99A20-C8E6-4BE7-8DD3-53D74B31B443}.Debug|x64.ActiveCfg = Debug|Any CPU
		{30D99A20-C8E6-4BE7-8DD3-53D74B31B443}.Debug|x64.Build.0 = Debug|Any CPU
		{30D99A20-C8E6-4BE7-8DD3-53D74B31B443}.Debug|x86.ActiveCfg = Debug|Any CPU
		{30D99A20-C8E6-4BE7-8DD3-53D74B31B443}.Debug|x86.Build.0 = Debug|Any CPU
		{30D99A20-C8E6-4BE7-8DD3-53D74B31B443}.Release|Any CPU.ActiveCfg = Release|Any CPU
		{30D99A20-C8E6-4BE7-8DD3-53D74B31B443}.Release|Any CPU.Build.0 = Release|Any CPU
		{30D99A20-C8E6-4BE7-8DD3-53D74B31B443}.Release|x64.ActiveCfg = Release|Any CPU
		{30D99A20-C8E6-4BE7-8DD3-53D74B31B443}.Release|x64.Build.0 = Release|Any CPU
		{30D99A20-C8E6-4BE7-8DD3-53D74B31B443}.Release|x86.ActiveCfg = Release|Any CPU
		{30D99A20-C8E6-4BE7-8DD3-53D74B31B443}.Release|x86.Build.0 = Release|Any CPU
		{79DC6843-D99A-49A8-BB2A-00E3ECFA95B7}.Debug|Any CPU.ActiveCfg = Debug|Any CPU
		{79DC6843-D99A-49A8-BB2A-00E3ECFA95B7}.Debug|Any CPU.Build.0 = Debug|Any CPU
		{79DC6843-D99A-49A8-BB2A-00E3ECFA95B7}.Debug|x64.ActiveCfg = Debug|Any CPU
		{79DC6843-D99A-49A8-BB2A-00E3ECFA95B7}.Debug|x64.Build.0 = Debug|Any CPU
		{79DC6843-D99A-49A8-BB2A-00E3ECFA95B7}.Debug|x86.ActiveCfg = Debug|Any CPU
		{79DC6843-D99A-49A8-BB2A-00E3ECFA95B7}.Debug|x86.Build.0 = Debug|Any CPU
		{79DC6843-D99A-49A8-BB2A-00E3ECFA95B7}.Release|Any CPU.ActiveCfg = Release|Any CPU
		{79DC6843-D99A-49A8-BB2A-00E3ECFA95B7}.Release|Any CPU.Build.0 = Release|Any CPU
		{79DC6843-D99A-49A8-BB2A-00E3ECFA95B7}.Release|x64.ActiveCfg = Release|Any CPU
		{79DC6843-D99A-49A8-BB2A-00E3ECFA95B7}.Release|x64.Build.0 = Release|Any CPU
		{79DC6843-D99A-49A8-BB2A-00E3ECFA95B7}.Release|x86.ActiveCfg = Release|Any CPU
		{79DC6843-D99A-49A8-BB2A-00E3ECFA95B7}.Release|x86.Build.0 = Release|Any CPU
	EndGlobalSection
	GlobalSection(SolutionProperties) = preSolution
		HideSolutionNode = FALSE
	EndGlobalSection
	GlobalSection(ExtensibilityGlobals) = postSolution
		SolutionGuid = {733D9630-9280-449B-B902-25B3DAAC211D}
	EndGlobalSection
EndGlobal
